
Microsoft Visual Studio Solution File, Format Version 12.00
Project("{FAE04EC0-301F-11D3-BF4B-00C04F79EFBC}") = "GrpcGreeterService", "GrpcGreeterService\GrpcGreeterService.csproj", "{1621AB95-928F-46F9-9E2B-07267E4A51EC}"
EndProject
Global
	GlobalSection(SolutionConfigurationPlatforms) = preSolution
		Debug|Any CPU = Debug|Any CPU
		Release|Any CPU = Release|Any CPU
	EndGlobalSection
	GlobalSection(ProjectConfigurationPlatforms) = postSolution
		{1621AB95-928F-46F9-9E2B-07267E4A51EC}.Debug|Any CPU.ActiveCfg = Debug|Any CPU
		{1621AB95-928F-46F9-9E2B-07267E4A51EC}.Debug|Any CPU.Build.0 = Debug|Any CPU
		{1621AB95-928F-46F9-9E2B-07267E4A51EC}.Release|Any CPU.ActiveCfg = Release|Any CPU
		{1621AB95-928F-46F9-9E2B-07267E4A51EC}.Release|Any CPU.Build.0 = Release|Any CPU
	EndGlobalSection
EndGlobal
